// !$*UTF8*$!
{
	archiveVersion = 1;
	classes = {
	};
	objectVersion = 55;
	objects = {

/* Begin PBXBuildFile section */
		D077F1AC2892C744007A6C1A /* messengerApp.swift in Sources */ = {isa = PBXBuildFile; fileRef = D077F1AB2892C744007A6C1A /* messengerApp.swift */; };
		D077F1B02892C745007A6C1A /* Assets.xcassets in Resources */ = {isa = PBXBuildFile; fileRef = D077F1AF2892C745007A6C1A /* Assets.xcassets */; };
		D077F1B32892C745007A6C1A /* Preview Assets.xcassets in Resources */ = {isa = PBXBuildFile; fileRef = D077F1B22892C745007A6C1A /* Preview Assets.xcassets */; };
		D077F1BD2892C745007A6C1A /* messengerTests.swift in Sources */ = {isa = PBXBuildFile; fileRef = D077F1BC2892C745007A6C1A /* messengerTests.swift */; };
		D077F1C72892C745007A6C1A /* messengerUITests.swift in Sources */ = {isa = PBXBuildFile; fileRef = D077F1C62892C745007A6C1A /* messengerUITests.swift */; };
		D077F1C92892C745007A6C1A /* messengerUITestsLaunchTests.swift in Sources */ = {isa = PBXBuildFile; fileRef = D077F1C82892C745007A6C1A /* messengerUITestsLaunchTests.swift */; };
		D077F1DA2892C86D007A6C1A /* user.swift in Sources */ = {isa = PBXBuildFile; fileRef = D077F1D92892C86D007A6C1A /* user.swift */; };
		D077F1DC2892C8CD007A6C1A /* AccountRepository.swift in Sources */ = {isa = PBXBuildFile; fileRef = D077F1DB2892C8CD007A6C1A /* AccountRepository.swift */; };
		D077F1E42892CB55007A6C1A /* SplashScreenView.swift in Sources */ = {isa = PBXBuildFile; fileRef = D077F1E32892CB55007A6C1A /* SplashScreenView.swift */; };
		D077F1E82892D12C007A6C1A /* HomeScreenView.swift in Sources */ = {isa = PBXBuildFile; fileRef = D077F1E72892D12C007A6C1A /* HomeScreenView.swift */; };
		D077F1EB2892D587007A6C1A /* DataSource.swift in Sources */ = {isa = PBXBuildFile; fileRef = D077F1EA2892D587007A6C1A /* DataSource.swift */; };
		D077F1ED2892D592007A6C1A /* LocalDataSource.swift in Sources */ = {isa = PBXBuildFile; fileRef = D077F1EC2892D592007A6C1A /* LocalDataSource.swift */; };
		D077F1EF2892D59B007A6C1A /* RemoteDataSource.swift in Sources */ = {isa = PBXBuildFile; fileRef = D077F1EE2892D59B007A6C1A /* RemoteDataSource.swift */; };
		D077F1F62892D86F007A6C1A /* Poppins-SemiBold.ttf in Resources */ = {isa = PBXBuildFile; fileRef = D077F1F12892D86F007A6C1A /* Poppins-SemiBold.ttf */; };
		D077F1F72892D86F007A6C1A /* Poppins-Bold.ttf in Resources */ = {isa = PBXBuildFile; fileRef = D077F1F22892D86F007A6C1A /* Poppins-Bold.ttf */; };
		D077F1F82892D86F007A6C1A /* Poppins-Medium.ttf in Resources */ = {isa = PBXBuildFile; fileRef = D077F1F32892D86F007A6C1A /* Poppins-Medium.ttf */; };
		D077F1F92892D86F007A6C1A /* Poppins-Light.ttf in Resources */ = {isa = PBXBuildFile; fileRef = D077F1F42892D86F007A6C1A /* Poppins-Light.ttf */; };
		D077F1FA2892D86F007A6C1A /* Poppins-Regular.ttf in Resources */ = {isa = PBXBuildFile; fileRef = D077F1F52892D86F007A6C1A /* Poppins-Regular.ttf */; };
		D077F1FE2892DCF9007A6C1A /* ConversationScreenView.swift in Sources */ = {isa = PBXBuildFile; fileRef = D077F1FD2892DCF9007A6C1A /* ConversationScreenView.swift */; };
		D077F2002892DD0A007A6C1A /* ProfileScreenView.swift in Sources */ = {isa = PBXBuildFile; fileRef = D077F1FF2892DD0A007A6C1A /* ProfileScreenView.swift */; };
		D077F2062892FE71007A6C1A /* LoginScreenView.swift in Sources */ = {isa = PBXBuildFile; fileRef = D077F2052892FE71007A6C1A /* LoginScreenView.swift */; };
		D077F2082892FF9B007A6C1A /* ForgotPasswordScreenView.swift in Sources */ = {isa = PBXBuildFile; fileRef = D077F2072892FF9B007A6C1A /* ForgotPasswordScreenView.swift */; };
		D0B9910F28931C2800129F4C /* RegisterScreenView.swift in Sources */ = {isa = PBXBuildFile; fileRef = D0B9910E28931C2800129F4C /* RegisterScreenView.swift */; };
/* End PBXBuildFile section */

/* Begin PBXContainerItemProxy section */
		D077F1B92892C745007A6C1A /* PBXContainerItemProxy */ = {
			isa = PBXContainerItemProxy;
			containerPortal = D077F1A02892C744007A6C1A /* Project object */;
			proxyType = 1;
			remoteGlobalIDString = D077F1A72892C744007A6C1A;
			remoteInfo = messenger;
		};
		D077F1C32892C745007A6C1A /* PBXContainerItemProxy */ = {
			isa = PBXContainerItemProxy;
			containerPortal = D077F1A02892C744007A6C1A /* Project object */;
			proxyType = 1;
			remoteGlobalIDString = D077F1A72892C744007A6C1A;
			remoteInfo = messenger;
		};
/* End PBXContainerItemProxy section */

/* Begin PBXFileReference section */
		D077F1A82892C744007A6C1A /* messenger.app */ = {isa = PBXFileReference; explicitFileType = wrapper.application; includeInIndex = 0; path = messenger.app; sourceTree = BUILT_PRODUCTS_DIR; };
		D077F1AB2892C744007A6C1A /* messengerApp.swift */ = {isa = PBXFileReference; lastKnownFileType = sourcecode.swift; path = messengerApp.swift; sourceTree = "<group>"; };
		D077F1AF2892C745007A6C1A /* Assets.xcassets */ = {isa = PBXFileReference; lastKnownFileType = folder.assetcatalog; path = Assets.xcassets; sourceTree = "<group>"; };
		D077F1B22892C745007A6C1A /* Preview Assets.xcassets */ = {isa = PBXFileReference; lastKnownFileType = folder.assetcatalog; path = "Preview Assets.xcassets"; sourceTree = "<group>"; };
		D077F1B82892C745007A6C1A /* messengerTests.xctest */ = {isa = PBXFileReference; explicitFileType = wrapper.cfbundle; includeInIndex = 0; path = messengerTests.xctest; sourceTree = BUILT_PRODUCTS_DIR; };
		D077F1BC2892C745007A6C1A /* messengerTests.swift */ = {isa = PBXFileReference; lastKnownFileType = sourcecode.swift; path = messengerTests.swift; sourceTree = "<group>"; };
		D077F1C22892C745007A6C1A /* messengerUITests.xctest */ = {isa = PBXFileReference; explicitFileType = wrapper.cfbundle; includeInIndex = 0; path = messengerUITests.xctest; sourceTree = BUILT_PRODUCTS_DIR; };
		D077F1C62892C745007A6C1A /* messengerUITests.swift */ = {isa = PBXFileReference; lastKnownFileType = sourcecode.swift; path = messengerUITests.swift; sourceTree = "<group>"; };
		D077F1C82892C745007A6C1A /* messengerUITestsLaunchTests.swift */ = {isa = PBXFileReference; lastKnownFileType = sourcecode.swift; path = messengerUITestsLaunchTests.swift; sourceTree = "<group>"; };
		D077F1D92892C86D007A6C1A /* user.swift */ = {isa = PBXFileReference; lastKnownFileType = sourcecode.swift; path = user.swift; sourceTree = "<group>"; };
		D077F1DB2892C8CD007A6C1A /* AccountRepository.swift */ = {isa = PBXFileReference; lastKnownFileType = sourcecode.swift; path = AccountRepository.swift; sourceTree = "<group>"; };
		D077F1E32892CB55007A6C1A /* SplashScreenView.swift */ = {isa = PBXFileReference; lastKnownFileType = sourcecode.swift; path = SplashScreenView.swift; sourceTree = "<group>"; };
		D077F1E72892D12C007A6C1A /* HomeScreenView.swift */ = {isa = PBXFileReference; lastKnownFileType = sourcecode.swift; path = HomeScreenView.swift; sourceTree = "<group>"; };
		D077F1EA2892D587007A6C1A /* DataSource.swift */ = {isa = PBXFileReference; lastKnownFileType = sourcecode.swift; path = DataSource.swift; sourceTree = "<group>"; };
		D077F1EC2892D592007A6C1A /* LocalDataSource.swift */ = {isa = PBXFileReference; lastKnownFileType = sourcecode.swift; path = LocalDataSource.swift; sourceTree = "<group>"; };
		D077F1EE2892D59B007A6C1A /* RemoteDataSource.swift */ = {isa = PBXFileReference; lastKnownFileType = sourcecode.swift; path = RemoteDataSource.swift; sourceTree = "<group>"; };
		D077F1F02892D632007A6C1A /* Info.plist */ = {isa = PBXFileReference; lastKnownFileType = text.plist; path = Info.plist; sourceTree = "<group>"; };
		D077F1F12892D86F007A6C1A /* Poppins-SemiBold.ttf */ = {isa = PBXFileReference; lastKnownFileType = file; path = "Poppins-SemiBold.ttf"; sourceTree = "<group>"; };
		D077F1F22892D86F007A6C1A /* Poppins-Bold.ttf */ = {isa = PBXFileReference; lastKnownFileType = file; path = "Poppins-Bold.ttf"; sourceTree = "<group>"; };
		D077F1F32892D86F007A6C1A /* Poppins-Medium.ttf */ = {isa = PBXFileReference; lastKnownFileType = file; path = "Poppins-Medium.ttf"; sourceTree = "<group>"; };
		D077F1F42892D86F007A6C1A /* Poppins-Light.ttf */ = {isa = PBXFileReference; lastKnownFileType = file; path = "Poppins-Light.ttf"; sourceTree = "<group>"; };
		D077F1F52892D86F007A6C1A /* Poppins-Regular.ttf */ = {isa = PBXFileReference; lastKnownFileType = file; path = "Poppins-Regular.ttf"; sourceTree = "<group>"; };
		D077F1FD2892DCF9007A6C1A /* ConversationScreenView.swift */ = {isa = PBXFileReference; lastKnownFileType = sourcecode.swift; path = ConversationScreenView.swift; sourceTree = "<group>"; };
		D077F1FF2892DD0A007A6C1A /* ProfileScreenView.swift */ = {isa = PBXFileReference; lastKnownFileType = sourcecode.swift; path = ProfileScreenView.swift; sourceTree = "<group>"; };
		D077F2052892FE71007A6C1A /* LoginScreenView.swift */ = {isa = PBXFileReference; lastKnownFileType = sourcecode.swift; path = LoginScreenView.swift; sourceTree = "<group>"; };
		D077F2072892FF9B007A6C1A /* ForgotPasswordScreenView.swift */ = {isa = PBXFileReference; lastKnownFileType = sourcecode.swift; path = ForgotPasswordScreenView.swift; sourceTree = "<group>"; };
		D0B9910E28931C2800129F4C /* RegisterScreenView.swift */ = {isa = PBXFileReference; lastKnownFileType = sourcecode.swift; path = RegisterScreenView.swift; sourceTree = "<group>"; };
/* End PBXFileReference section */

/* Begin PBXFrameworksBuildPhase section */
		D077F1A52892C744007A6C1A /* Frameworks */ = {
			isa = PBXFrameworksBuildPhase;
			buildActionMask = 2147483647;
			files = (
			);
			runOnlyForDeploymentPostprocessing = 0;
		};
		D077F1B52892C745007A6C1A /* Frameworks */ = {
			isa = PBXFrameworksBuildPhase;
			buildActionMask = 2147483647;
			files = (
			);
			runOnlyForDeploymentPostprocessing = 0;
		};
		D077F1BF2892C745007A6C1A /* Frameworks */ = {
			isa = PBXFrameworksBuildPhase;
			buildActionMask = 2147483647;
			files = (
			);
			runOnlyForDeploymentPostprocessing = 0;
		};
/* End PBXFrameworksBuildPhase section */

/* Begin PBXGroup section */
		D077F19F2892C744007A6C1A = {
			isa = PBXGroup;
			children = (
				D077F1AA2892C744007A6C1A /* messenger */,
				D077F1BB2892C745007A6C1A /* messengerTests */,
				D077F1C52892C745007A6C1A /* messengerUITests */,
				D077F1A92892C744007A6C1A /* Products */,
			);
			sourceTree = "<group>";
		};
		D077F1A92892C744007A6C1A /* Products */ = {
			isa = PBXGroup;
			children = (
				D077F1A82892C744007A6C1A /* messenger.app */,
				D077F1B82892C745007A6C1A /* messengerTests.xctest */,
				D077F1C22892C745007A6C1A /* messengerUITests.xctest */,
			);
			name = Products;
			sourceTree = "<group>";
		};
		D077F1AA2892C744007A6C1A /* messenger */ = {
			isa = PBXGroup;
			children = (
				D077F1F02892D632007A6C1A /* Info.plist */,
				D077F1AF2892C745007A6C1A /* Assets.xcassets */,
				D077F1D52892C847007A6C1A /* Data */,
				D077F1E92892D3DC007A6C1A /* Fonts */,
				D077F1AB2892C744007A6C1A /* messengerApp.swift */,
				D077F1B12892C745007A6C1A /* Preview Content */,
				D077F1DF2892CAE9007A6C1A /* Views */,
			);
			path = messenger;
			sourceTree = "<group>";
		};
		D077F1B12892C745007A6C1A /* Preview Content */ = {
			isa = PBXGroup;
			children = (
				D077F1B22892C745007A6C1A /* Preview Assets.xcassets */,
			);
			path = "Preview Content";
			sourceTree = "<group>";
		};
		D077F1BB2892C745007A6C1A /* messengerTests */ = {
			isa = PBXGroup;
			children = (
				D077F1BC2892C745007A6C1A /* messengerTests.swift */,
			);
			path = messengerTests;
			sourceTree = "<group>";
		};
		D077F1C52892C745007A6C1A /* messengerUITests */ = {
			isa = PBXGroup;
			children = (
				D077F1C62892C745007A6C1A /* messengerUITests.swift */,
				D077F1C82892C745007A6C1A /* messengerUITestsLaunchTests.swift */,
			);
			path = messengerUITests;
			sourceTree = "<group>";
		};
		D077F1D52892C847007A6C1A /* Data */ = {
			isa = PBXGroup;
			children = (
				D077F1D62892C84F007A6C1A /* Models */,
				D077F1D82892C85C007A6C1A /* Repositories */,
				D077F1D72892C854007A6C1A /* Source */,
			);
			path = Data;
			sourceTree = "<group>";
		};
		D077F1D62892C84F007A6C1A /* Models */ = {
			isa = PBXGroup;
			children = (
				D077F1D92892C86D007A6C1A /* user.swift */,
			);
			path = Models;
			sourceTree = "<group>";
		};
		D077F1D72892C854007A6C1A /* Source */ = {
			isa = PBXGroup;
			children = (
				D077F1DE2892C8ED007A6C1A /* Local */,
				D077F1DD2892C8E6007A6C1A /* Remote */,
				D077F1EA2892D587007A6C1A /* DataSource.swift */,
			);
			path = Source;
			sourceTree = "<group>";
		};
		D077F1D82892C85C007A6C1A /* Repositories */ = {
			isa = PBXGroup;
			children = (
				D077F1DB2892C8CD007A6C1A /* AccountRepository.swift */,
			);
			name = Repositories;
			sourceTree = "<group>";
		};
		D077F1DD2892C8E6007A6C1A /* Remote */ = {
			isa = PBXGroup;
			children = (
				D077F1EE2892D59B007A6C1A /* RemoteDataSource.swift */,
			);
			path = Remote;
			sourceTree = "<group>";
		};
		D077F1DE2892C8ED007A6C1A /* Local */ = {
			isa = PBXGroup;
			children = (
				D077F1EC2892D592007A6C1A /* LocalDataSource.swift */,
			);
			path = Local;
			sourceTree = "<group>";
		};
		D077F1DF2892CAE9007A6C1A /* Views */ = {
			isa = PBXGroup;
			children = (
				D077F1FC2892DCDD007A6C1A /* Conversation */,
				D077F1FB2892DCC7007A6C1A /* Profile */,
				D077F1E62892D0A9007A6C1A /* Auth */,
				D077F1E52892D0A2007A6C1A /* Home */,
				D077F1E02892CAF0007A6C1A /* Splash */,
			);
			path = Views;
			sourceTree = "<group>";
		};
		D077F1E02892CAF0007A6C1A /* Splash */ = {
			isa = PBXGroup;
			children = (
				D077F1E32892CB55007A6C1A /* SplashScreenView.swift */,
			);
			path = Splash;
			sourceTree = "<group>";
		};
		D077F1E52892D0A2007A6C1A /* Home */ = {
			isa = PBXGroup;
			children = (
				D077F1E72892D12C007A6C1A /* HomeScreenView.swift */,
			);
			path = Home;
			sourceTree = "<group>";
		};
		D077F1E62892D0A9007A6C1A /* Auth */ = {
			isa = PBXGroup;
			children = (
				D077F2052892FE71007A6C1A /* LoginScreenView.swift */,
				D077F2072892FF9B007A6C1A /* ForgotPasswordScreenView.swift */,
				D0B9910E28931C2800129F4C /* RegisterScreenView.swift */,
			);
			path = Auth;
			sourceTree = "<group>";
		};
		D077F1E92892D3DC007A6C1A /* Fonts */ = {
			isa = PBXGroup;
			children = (
				D077F1F22892D86F007A6C1A /* Poppins-Bold.ttf */,
				D077F1F42892D86F007A6C1A /* Poppins-Light.ttf */,
				D077F1F32892D86F007A6C1A /* Poppins-Medium.ttf */,
				D077F1F52892D86F007A6C1A /* Poppins-Regular.ttf */,
				D077F1F12892D86F007A6C1A /* Poppins-SemiBold.ttf */,
			);
			path = Fonts;
			sourceTree = "<group>";
		};
		D077F1FB2892DCC7007A6C1A /* Profile */ = {
			isa = PBXGroup;
			children = (
				D077F1FF2892DD0A007A6C1A /* ProfileScreenView.swift */,
			);
			path = Profile;
			sourceTree = "<group>";
		};
		D077F1FC2892DCDD007A6C1A /* Conversation */ = {
			isa = PBXGroup;
			children = (
				D077F1FD2892DCF9007A6C1A /* ConversationScreenView.swift */,
			);
			path = Conversation;
			sourceTree = "<group>";
		};
/* End PBXGroup section */

/* Begin PBXNativeTarget section */
		D077F1A72892C744007A6C1A /* messenger */ = {
			isa = PBXNativeTarget;
			buildConfigurationList = D077F1CC2892C745007A6C1A /* Build configuration list for PBXNativeTarget "messenger" */;
			buildPhases = (
				D077F1A42892C744007A6C1A /* Sources */,
				D077F1A52892C744007A6C1A /* Frameworks */,
				D077F1A62892C744007A6C1A /* Resources */,
			);
			buildRules = (
			);
			dependencies = (
			);
			name = messenger;
			productName = messenger;
			productReference = D077F1A82892C744007A6C1A /* messenger.app */;
			productType = "com.apple.product-type.application";
		};
		D077F1B72892C745007A6C1A /* messengerTests */ = {
			isa = PBXNativeTarget;
			buildConfigurationList = D077F1CF2892C745007A6C1A /* Build configuration list for PBXNativeTarget "messengerTests" */;
			buildPhases = (
				D077F1B42892C745007A6C1A /* Sources */,
				D077F1B52892C745007A6C1A /* Frameworks */,
				D077F1B62892C745007A6C1A /* Resources */,
			);
			buildRules = (
			);
			dependencies = (
				D077F1BA2892C745007A6C1A /* PBXTargetDependency */,
			);
			name = messengerTests;
			productName = messengerTests;
			productReference = D077F1B82892C745007A6C1A /* messengerTests.xctest */;
			productType = "com.apple.product-type.bundle.unit-test";
		};
		D077F1C12892C745007A6C1A /* messengerUITests */ = {
			isa = PBXNativeTarget;
			buildConfigurationList = D077F1D22892C745007A6C1A /* Build configuration list for PBXNativeTarget "messengerUITests" */;
			buildPhases = (
				D077F1BE2892C745007A6C1A /* Sources */,
				D077F1BF2892C745007A6C1A /* Frameworks */,
				D077F1C02892C745007A6C1A /* Resources */,
			);
			buildRules = (
			);
			dependencies = (
				D077F1C42892C745007A6C1A /* PBXTargetDependency */,
			);
			name = messengerUITests;
			productName = messengerUITests;
			productReference = D077F1C22892C745007A6C1A /* messengerUITests.xctest */;
			productType = "com.apple.product-type.bundle.ui-testing";
		};
/* End PBXNativeTarget section */

/* Begin PBXProject section */
		D077F1A02892C744007A6C1A /* Project object */ = {
			isa = PBXProject;
			attributes = {
				BuildIndependentTargetsInParallel = 1;
				LastSwiftUpdateCheck = 1340;
				LastUpgradeCheck = 1340;
				TargetAttributes = {
					D077F1A72892C744007A6C1A = {
						CreatedOnToolsVersion = 13.4.1;
					};
					D077F1B72892C745007A6C1A = {
						CreatedOnToolsVersion = 13.4.1;
						TestTargetID = D077F1A72892C744007A6C1A;
					};
					D077F1C12892C745007A6C1A = {
						CreatedOnToolsVersion = 13.4.1;
						TestTargetID = D077F1A72892C744007A6C1A;
					};
				};
			};
			buildConfigurationList = D077F1A32892C744007A6C1A /* Build configuration list for PBXProject "messenger" */;
			compatibilityVersion = "Xcode 13.0";
			developmentRegion = en;
			hasScannedForEncodings = 0;
			knownRegions = (
				en,
				Base,
			);
			mainGroup = D077F19F2892C744007A6C1A;
			productRefGroup = D077F1A92892C744007A6C1A /* Products */;
			projectDirPath = "";
			projectRoot = "";
			targets = (
				D077F1A72892C744007A6C1A /* messenger */,
				D077F1B72892C745007A6C1A /* messengerTests */,
				D077F1C12892C745007A6C1A /* messengerUITests */,
			);
		};
/* End PBXProject section */

/* Begin PBXResourcesBuildPhase section */
		D077F1A62892C744007A6C1A /* Resources */ = {
			isa = PBXResourcesBuildPhase;
			buildActionMask = 2147483647;
			files = (
				D077F1F62892D86F007A6C1A /* Poppins-SemiBold.ttf in Resources */,
				D077F1F92892D86F007A6C1A /* Poppins-Light.ttf in Resources */,
				D077F1FA2892D86F007A6C1A /* Poppins-Regular.ttf in Resources */,
				D077F1B32892C745007A6C1A /* Preview Assets.xcassets in Resources */,
				D077F1B02892C745007A6C1A /* Assets.xcassets in Resources */,
				D077F1F72892D86F007A6C1A /* Poppins-Bold.ttf in Resources */,
				D077F1F82892D86F007A6C1A /* Poppins-Medium.ttf in Resources */,
			);
			runOnlyForDeploymentPostprocessing = 0;
		};
		D077F1B62892C745007A6C1A /* Resources */ = {
			isa = PBXResourcesBuildPhase;
			buildActionMask = 2147483647;
			files = (
			);
			runOnlyForDeploymentPostprocessing = 0;
		};
		D077F1C02892C745007A6C1A /* Resources */ = {
			isa = PBXResourcesBuildPhase;
			buildActionMask = 2147483647;
			files = (
			);
			runOnlyForDeploymentPostprocessing = 0;
		};
/* End PBXResourcesBuildPhase section */

/* Begin PBXSourcesBuildPhase section */
		D077F1A42892C744007A6C1A /* Sources */ = {
			isa = PBXSourcesBuildPhase;
			buildActionMask = 2147483647;
			files = (
				D077F2082892FF9B007A6C1A /* ForgotPasswordScreenView.swift in Sources */,
				D077F1EF2892D59B007A6C1A /* RemoteDataSource.swift in Sources */,
				D0B9910F28931C2800129F4C /* RegisterScreenView.swift in Sources */,
				D077F1EB2892D587007A6C1A /* DataSource.swift in Sources */,
				D077F1FE2892DCF9007A6C1A /* ConversationScreenView.swift in Sources */,
				D077F2062892FE71007A6C1A /* LoginScreenView.swift in Sources */,
				D077F1AC2892C744007A6C1A /* messengerApp.swift in Sources */,
				D077F2002892DD0A007A6C1A /* ProfileScreenView.swift in Sources */,
				D077F1E42892CB55007A6C1A /* SplashScreenView.swift in Sources */,
				D077F1ED2892D592007A6C1A /* LocalDataSource.swift in Sources */,
				D077F1E82892D12C007A6C1A /* HomeScreenView.swift in Sources */,
				D077F1DA2892C86D007A6C1A /* user.swift in Sources */,
				D077F1DC2892C8CD007A6C1A /* AccountRepository.swift in Sources */,
			);
			runOnlyForDeploymentPostprocessing = 0;
		};
		D077F1B42892C745007A6C1A /* Sources */ = {
			isa = PBXSourcesBuildPhase;
			buildActionMask = 2147483647;
			files = (
				D077F1BD2892C745007A6C1A /* messengerTests.swift in Sources */,
			);
			runOnlyForDeploymentPostprocessing = 0;
		};
		D077F1BE2892C745007A6C1A /* Sources */ = {
			isa = PBXSourcesBuildPhase;
			buildActionMask = 2147483647;
			files = (
				D077F1C92892C745007A6C1A /* messengerUITestsLaunchTests.swift in Sources */,
				D077F1C72892C745007A6C1A /* messengerUITests.swift in Sources */,
			);
			runOnlyForDeploymentPostprocessing = 0;
		};
/* End PBXSourcesBuildPhase section */

/* Begin PBXTargetDependency section */
		D077F1BA2892C745007A6C1A /* PBXTargetDependency */ = {
			isa = PBXTargetDependency;
			target = D077F1A72892C744007A6C1A /* messenger */;
			targetProxy = D077F1B92892C745007A6C1A /* PBXContainerItemProxy */;
		};
		D077F1C42892C745007A6C1A /* PBXTargetDependency */ = {
			isa = PBXTargetDependency;
			target = D077F1A72892C744007A6C1A /* messenger */;
			targetProxy = D077F1C32892C745007A6C1A /* PBXContainerItemProxy */;
		};
/* End PBXTargetDependency section */

/* Begin XCBuildConfiguration section */
		D077F1CA2892C745007A6C1A /* Debug */ = {
			isa = XCBuildConfiguration;
			buildSettings = {
				ALWAYS_SEARCH_USER_PATHS = NO;
				CLANG_ANALYZER_NONNULL = YES;
				CLANG_ANALYZER_NUMBER_OBJECT_CONVERSION = YES_AGGRESSIVE;
				CLANG_CXX_LANGUAGE_STANDARD = "gnu++17";
				CLANG_ENABLE_MODULES = YES;
				CLANG_ENABLE_OBJC_ARC = YES;
				CLANG_ENABLE_OBJC_WEAK = YES;
				CLANG_WARN_BLOCK_CAPTURE_AUTORELEASING = YES;
				CLANG_WARN_BOOL_CONVERSION = YES;
				CLANG_WARN_COMMA = YES;
				CLANG_WARN_CONSTANT_CONVERSION = YES;
				CLANG_WARN_DEPRECATED_OBJC_IMPLEMENTATIONS = YES;
				CLANG_WARN_DIRECT_OBJC_ISA_USAGE = YES_ERROR;
				CLANG_WARN_DOCUMENTATION_COMMENTS = YES;
				CLANG_WARN_EMPTY_BODY = YES;
				CLANG_WARN_ENUM_CONVERSION = YES;
				CLANG_WARN_INFINITE_RECURSION = YES;
				CLANG_WARN_INT_CONVERSION = YES;
				CLANG_WARN_NON_LITERAL_NULL_CONVERSION = YES;
				CLANG_WARN_OBJC_IMPLICIT_RETAIN_SELF = YES;
				CLANG_WARN_OBJC_LITERAL_CONVERSION = YES;
				CLANG_WARN_OBJC_ROOT_CLASS = YES_ERROR;
				CLANG_WARN_QUOTED_INCLUDE_IN_FRAMEWORK_HEADER = YES;
				CLANG_WARN_RANGE_LOOP_ANALYSIS = YES;
				CLANG_WARN_STRICT_PROTOTYPES = YES;
				CLANG_WARN_SUSPICIOUS_MOVE = YES;
				CLANG_WARN_UNGUARDED_AVAILABILITY = YES_AGGRESSIVE;
				CLANG_WARN_UNREACHABLE_CODE = YES;
				CLANG_WARN__DUPLICATE_METHOD_MATCH = YES;
				COPY_PHASE_STRIP = NO;
				DEBUG_INFORMATION_FORMAT = dwarf;
				ENABLE_STRICT_OBJC_MSGSEND = YES;
				ENABLE_TESTABILITY = YES;
				GCC_C_LANGUAGE_STANDARD = gnu11;
				GCC_DYNAMIC_NO_PIC = NO;
				GCC_NO_COMMON_BLOCKS = YES;
				GCC_OPTIMIZATION_LEVEL = 0;
				GCC_PREPROCESSOR_DEFINITIONS = (
					"DEBUG=1",
					"$(inherited)",
				);
				GCC_WARN_64_TO_32_BIT_CONVERSION = YES;
				GCC_WARN_ABOUT_RETURN_TYPE = YES_ERROR;
				GCC_WARN_UNDECLARED_SELECTOR = YES;
				GCC_WARN_UNINITIALIZED_AUTOS = YES_AGGRESSIVE;
				GCC_WARN_UNUSED_FUNCTION = YES;
				GCC_WARN_UNUSED_VARIABLE = YES;
				IPHONEOS_DEPLOYMENT_TARGET = 15.5;
				MTL_ENABLE_DEBUG_INFO = INCLUDE_SOURCE;
				MTL_FAST_MATH = YES;
				ONLY_ACTIVE_ARCH = YES;
				SDKROOT = iphoneos;
				SWIFT_ACTIVE_COMPILATION_CONDITIONS = DEBUG;
				SWIFT_OPTIMIZATION_LEVEL = "-Onone";
			};
			name = Debug;
		};
		D077F1CB2892C745007A6C1A /* Release */ = {
			isa = XCBuildConfiguration;
			buildSettings = {
				ALWAYS_SEARCH_USER_PATHS = NO;
				CLANG_ANALYZER_NONNULL = YES;
				CLANG_ANALYZER_NUMBER_OBJECT_CONVERSION = YES_AGGRESSIVE;
				CLANG_CXX_LANGUAGE_STANDARD = "gnu++17";
				CLANG_ENABLE_MODULES = YES;
				CLANG_ENABLE_OBJC_ARC = YES;
				CLANG_ENABLE_OBJC_WEAK = YES;
				CLANG_WARN_BLOCK_CAPTURE_AUTORELEASING = YES;
				CLANG_WARN_BOOL_CONVERSION = YES;
				CLANG_WARN_COMMA = YES;
				CLANG_WARN_CONSTANT_CONVERSION = YES;
				CLANG_WARN_DEPRECATED_OBJC_IMPLEMENTATIONS = YES;
				CLANG_WARN_DIRECT_OBJC_ISA_USAGE = YES_ERROR;
				CLANG_WARN_DOCUMENTATION_COMMENTS = YES;
				CLANG_WARN_EMPTY_BODY = YES;
				CLANG_WARN_ENUM_CONVERSION = YES;
				CLANG_WARN_INFINITE_RECURSION = YES;
				CLANG_WARN_INT_CONVERSION = YES;
				CLANG_WARN_NON_LITERAL_NULL_CONVERSION = YES;
				CLANG_WARN_OBJC_IMPLICIT_RETAIN_SELF = YES;
				CLANG_WARN_OBJC_LITERAL_CONVERSION = YES;
				CLANG_WARN_OBJC_ROOT_CLASS = YES_ERROR;
				CLANG_WARN_QUOTED_INCLUDE_IN_FRAMEWORK_HEADER = YES;
				CLANG_WARN_RANGE_LOOP_ANALYSIS = YES;
				CLANG_WARN_STRICT_PROTOTYPES = YES;
				CLANG_WARN_SUSPICIOUS_MOVE = YES;
				CLANG_WARN_UNGUARDED_AVAILABILITY = YES_AGGRESSIVE;
				CLANG_WARN_UNREACHABLE_CODE = YES;
				CLANG_WARN__DUPLICATE_METHOD_MATCH = YES;
				COPY_PHASE_STRIP = NO;
				DEBUG_INFORMATION_FORMAT = "dwarf-with-dsym";
				ENABLE_NS_ASSERTIONS = NO;
				ENABLE_STRICT_OBJC_MSGSEND = YES;
				GCC_C_LANGUAGE_STANDARD = gnu11;
				GCC_NO_COMMON_BLOCKS = YES;
				GCC_WARN_64_TO_32_BIT_CONVERSION = YES;
				GCC_WARN_ABOUT_RETURN_TYPE = YES_ERROR;
				GCC_WARN_UNDECLARED_SELECTOR = YES;
				GCC_WARN_UNINITIALIZED_AUTOS = YES_AGGRESSIVE;
				GCC_WARN_UNUSED_FUNCTION = YES;
				GCC_WARN_UNUSED_VARIABLE = YES;
				IPHONEOS_DEPLOYMENT_TARGET = 15.5;
				MTL_ENABLE_DEBUG_INFO = NO;
				MTL_FAST_MATH = YES;
				SDKROOT = iphoneos;
				SWIFT_COMPILATION_MODE = wholemodule;
				SWIFT_OPTIMIZATION_LEVEL = "-O";
				VALIDATE_PRODUCT = YES;
			};
			name = Release;
		};
		D077F1CD2892C745007A6C1A /* Debug */ = {
			isa = XCBuildConfiguration;
			buildSettings = {
				ASSETCATALOG_COMPILER_APPICON_NAME = AppIcon;
				ASSETCATALOG_COMPILER_GLOBAL_ACCENT_COLOR_NAME = AccentColor;
				CODE_SIGN_STYLE = Automatic;
				CURRENT_PROJECT_VERSION = 1;
				DEVELOPMENT_ASSET_PATHS = "\"messenger/Preview Content\"";
				ENABLE_PREVIEWS = YES;
				GENERATE_INFOPLIST_FILE = YES;
				INFOPLIST_FILE = messenger/Info.plist;
				INFOPLIST_KEY_UIApplicationSceneManifest_Generation = YES;
				INFOPLIST_KEY_UIApplicationSupportsIndirectInputEvents = YES;
				INFOPLIST_KEY_UILaunchScreen_Generation = YES;
				INFOPLIST_KEY_UISupportedInterfaceOrientations_iPad = "UIInterfaceOrientationPortrait UIInterfaceOrientationPortraitUpsideDown UIInterfaceOrientationLandscapeLeft UIInterfaceOrientationLandscapeRight";
				INFOPLIST_KEY_UISupportedInterfaceOrientations_iPhone = "UIInterfaceOrientationPortrait UIInterfaceOrientationLandscapeLeft UIInterfaceOrientationLandscapeRight";
				IPHONEOS_DEPLOYMENT_TARGET = 15.5;
				LD_RUNPATH_SEARCH_PATHS = (
					"$(inherited)",
					"@executable_path/Frameworks",
				);
				MARKETING_VERSION = 1.0;
				PRODUCT_BUNDLE_IDENTIFIER = id.bakode.karlota;
				PRODUCT_NAME = "$(TARGET_NAME)";
				SWIFT_EMIT_LOC_STRINGS = YES;
				SWIFT_VERSION = 5.0;
				TARGETED_DEVICE_FAMILY = 1;
			};
			name = Debug;
		};
		D077F1CE2892C745007A6C1A /* Release */ = {
			isa = XCBuildConfiguration;
			buildSettings = {
				ASSETCATALOG_COMPILER_APPICON_NAME = AppIcon;
				ASSETCATALOG_COMPILER_GLOBAL_ACCENT_COLOR_NAME = AccentColor;
				CODE_SIGN_STYLE = Automatic;
				CURRENT_PROJECT_VERSION = 1;
				DEVELOPMENT_ASSET_PATHS = "\"messenger/Preview Content\"";
				ENABLE_PREVIEWS = YES;
				GENERATE_INFOPLIST_FILE = YES;
				INFOPLIST_FILE = messenger/Info.plist;
				INFOPLIST_KEY_UIApplicationSceneManifest_Generation = YES;
				INFOPLIST_KEY_UIApplicationSupportsIndirectInputEvents = YES;
				INFOPLIST_KEY_UILaunchScreen_Generation = YES;
				INFOPLIST_KEY_UISupportedInterfaceOrientations_iPad = "UIInterfaceOrientationPortrait UIInterfaceOrientationPortraitUpsideDown UIInterfaceOrientationLandscapeLeft UIInterfaceOrientationLandscapeRight";
				INFOPLIST_KEY_UISupportedInterfaceOrientations_iPhone = "UIInterfaceOrientationPortrait UIInterfaceOrientationLandscapeLeft UIInterfaceOrientationLandscapeRight";
				IPHONEOS_DEPLOYMENT_TARGET = 15.5;
				LD_RUNPATH_SEARCH_PATHS = (
					"$(inherited)",
					"@executable_path/Frameworks",
				);
				MARKETING_VERSION = 1.0;
				PRODUCT_BUNDLE_IDENTIFIER = id.bakode.karlota;
				PRODUCT_NAME = "$(TARGET_NAME)";
				SWIFT_EMIT_LOC_STRINGS = YES;
				SWIFT_VERSION = 5.0;
				TARGETED_DEVICE_FAMILY = 1;
			};
			name = Release;
		};
		D077F1D02892C745007A6C1A /* Debug */ = {
			isa = XCBuildConfiguration;
			buildSettings = {
				ALWAYS_EMBED_SWIFT_STANDARD_LIBRARIES = YES;
				BUNDLE_LOADER = "$(TEST_HOST)";
				CODE_SIGN_STYLE = Automatic;
				CURRENT_PROJECT_VERSION = 1;
				GENERATE_INFOPLIST_FILE = YES;
				IPHONEOS_DEPLOYMENT_TARGET = 15.5;
				MARKETING_VERSION = 1.0;
				PRODUCT_BUNDLE_IDENTIFIER = id.bakode.messengerTests;
				PRODUCT_NAME = "$(TARGET_NAME)";
				SWIFT_EMIT_LOC_STRINGS = NO;
				SWIFT_VERSION = 5.0;
				TARGETED_DEVICE_FAMILY = "1,2";
				TEST_HOST = "$(BUILT_PRODUCTS_DIR)/messenger.app/messenger";
			};
			name = Debug;
		};
		D077F1D12892C745007A6C1A /* Release */ = {
			isa = XCBuildConfiguration;
			buildSettings = {
				ALWAYS_EMBED_SWIFT_STANDARD_LIBRARIES = YES;
				BUNDLE_LOADER = "$(TEST_HOST)";
				CODE_SIGN_STYLE = Automatic;
				CURRENT_PROJECT_VERSION = 1;
				GENERATE_INFOPLIST_FILE = YES;
				IPHONEOS_DEPLOYMENT_TARGET = 15.5;
				MARKETING_VERSION = 1.0;
				PRODUCT_BUNDLE_IDENTIFIER = id.bakode.messengerTests;
				PRODUCT_NAME = "$(TARGET_NAME)";
				SWIFT_EMIT_LOC_STRINGS = NO;
				SWIFT_VERSION = 5.0;
				TARGETED_DEVICE_FAMILY = "1,2";
				TEST_HOST = "$(BUILT_PRODUCTS_DIR)/messenger.app/messenger";
			};
			name = Release;
		};
		D077F1D32892C745007A6C1A /* Debug */ = {
			isa = XCBuildConfiguration;
			buildSettings = {
				ALWAYS_EMBED_SWIFT_STANDARD_LIBRARIES = YES;
				CODE_SIGN_STYLE = Automatic;
				CURRENT_PROJECT_VERSION = 1;
				GENERATE_INFOPLIST_FILE = YES;
				MARKETING_VERSION = 1.0;
				PRODUCT_BUNDLE_IDENTIFIER = id.bakode.messengerUITests;
				PRODUCT_NAME = "$(TARGET_NAME)";
				SWIFT_EMIT_LOC_STRINGS = NO;
				SWIFT_VERSION = 5.0;
				TARGETED_DEVICE_FAMILY = "1,2";
				TEST_TARGET_NAME = messenger;
			};
			name = Debug;
		};
		D077F1D42892C745007A6C1A /* Release */ = {
			isa = XCBuildConfiguration;
			buildSettings = {
				ALWAYS_EMBED_SWIFT_STANDARD_LIBRARIES = YES;
				CODE_SIGN_STYLE = Automatic;
				CURRENT_PROJECT_VERSION = 1;
				GENERATE_INFOPLIST_FILE = YES;
				MARKETING_VERSION = 1.0;
				PRODUCT_BUNDLE_IDENTIFIER = id.bakode.messengerUITests;
				PRODUCT_NAME = "$(TARGET_NAME)";
				SWIFT_EMIT_LOC_STRINGS = NO;
				SWIFT_VERSION = 5.0;
				TARGETED_DEVICE_FAMILY = "1,2";
				TEST_TARGET_NAME = messenger;
			};
			name = Release;
		};
/* End XCBuildConfiguration section */

/* Begin XCConfigurationList section */
		D077F1A32892C744007A6C1A /* Build configuration list for PBXProject "messenger" */ = {
			isa = XCConfigurationList;
			buildConfigurations = (
				D077F1CA2892C745007A6C1A /* Debug */,
				D077F1CB2892C745007A6C1A /* Release */,
			);
			defaultConfigurationIsVisible = 0;
			defaultConfigurationName = Release;
		};
		D077F1CC2892C745007A6C1A /* Build configuration list for PBXNativeTarget "messenger" */ = {
			isa = XCConfigurationList;
			buildConfigurations = (
				D077F1CD2892C745007A6C1A /* Debug */,
				D077F1CE2892C745007A6C1A /* Release */,
			);
			defaultConfigurationIsVisible = 0;
			defaultConfigurationName = Release;
		};
		D077F1CF2892C745007A6C1A /* Build configuration list for PBXNativeTarget "messengerTests" */ = {
			isa = XCConfigurationList;
			buildConfigurations = (
				D077F1D02892C745007A6C1A /* Debug */,
				D077F1D12892C745007A6C1A /* Release */,
			);
			defaultConfigurationIsVisible = 0;
			defaultConfigurationName = Release;
		};
		D077F1D22892C745007A6C1A /* Build configuration list for PBXNativeTarget "messengerUITests" */ = {
			isa = XCConfigurationList;
			buildConfigurations = (
				D077F1D32892C745007A6C1A /* Debug */,
				D077F1D42892C745007A6C1A /* Release */,
			);
			defaultConfigurationIsVisible = 0;
			defaultConfigurationName = Release;
		};
/* End XCConfigurationList section */
	};
	rootObject = D077F1A02892C744007A6C1A /* Project object */;
}
